<Solution>
  <Project Path="DictionaryExample/DictionaryExample.csproj" Id="9ab8b5eb-aa55-4a7a-9392-4bbe7853e1b8" />
  <Project Path="GenericCollections/GenericCollections.csproj" />
  <Project Path="ListExercise/ListExercise.csproj" />
  <Project Path="W26Week4IntroToGenerics/W26Week4IntroToGenerics.csproj" />
</Solution>
